// !$*UTF8*$!
{
	archiveVersion = 1;
	classes = {
	};
	objectVersion = 56;
	objects = {

/* Begin PBXBuildFile section */
		2FB517D7E2AF2BACE4FCEF72 /* libPods-wwdc-discover.a in Frameworks */ = {isa = PBXBuildFile; fileRef = B0AD9896721BBA046BDB1467 /* libPods-wwdc-discover.a */; };
		A9380C022C8B134600FB3CEA /* Assets.xcassets in Resources */ = {isa = PBXBuildFile; fileRef = A9380C012C8B134600FB3CEA /* Assets.xcassets */; };
		A9380C052C8B134600FB3CEA /* Base in Resources */ = {isa = PBXBuildFile; fileRef = A9380C042C8B134600FB3CEA /* Base */; };
		A9380C082C8B134600FB3CEA /* main.m in Sources */ = {isa = PBXBuildFile; fileRef = A9380C072C8B134600FB3CEA /* main.m */; };
		A9380C102C8B140E00FB3CEA /* WWDCDiscoverAppDelegate.m in Sources */ = {isa = PBXBuildFile; fileRef = A9380C0F2C8B140E00FB3CEA /* WWDCDiscoverAppDelegate.m */; };
		A9380C162C8B152600FB3CEA /* DiscoverViewController.m in Sources */ = {isa = PBXBuildFile; fileRef = A9380C152C8B152600FB3CEA /* DiscoverViewController.m */; };
		A9380C192C8B16B300FB3CEA /* DiscoverKingKongTableViewCell.m in Sources */ = {isa = PBXBuildFile; fileRef = A9380C182C8B16B300FB3CEA /* DiscoverKingKongTableViewCell.m */; };
		A9380C1F2C8B1A4D00FB3CEA /* WWDCKingKong.m in Sources */ = {isa = PBXBuildFile; fileRef = A9380C1E2C8B1A4D00FB3CEA /* WWDCKingKong.m */; };
		A9380C222C8BE50F00FB3CEA /* FeaturedVideo.m in Sources */ = {isa = PBXBuildFile; fileRef = A9380C212C8BE50F00FB3CEA /* FeaturedVideo.m */; };
		A9380C252C8BED1500FB3CEA /* FeaturedVideoTableViewCell.m in Sources */ = {isa = PBXBuildFile; fileRef = A9380C242C8BED1500FB3CEA /* FeaturedVideoTableViewCell.m */; };
		A9380C282C8C125300FB3CEA /* Article.m in Sources */ = {isa = PBXBuildFile; fileRef = A9380C272C8C125300FB3CEA /* Article.m */; };
		A9380C2B2C8C14AB00FB3CEA /* RecentArticlesTableViewCell.m in Sources */ = {isa = PBXBuildFile; fileRef = A9380C2A2C8C14AB00FB3CEA /* RecentArticlesTableViewCell.m */; };
		A9380C2E2C8C256200FB3CEA /* VideoStatusView.m in Sources */ = {isa = PBXBuildFile; fileRef = A9380C2D2C8C256200FB3CEA /* VideoStatusView.m */; };
		A9380C312C8C381300FB3CEA /* DetailViewController.m in Sources */ = {isa = PBXBuildFile; fileRef = A9380C302C8C381300FB3CEA /* DetailViewController.m */; };
/* End PBXBuildFile section */

/* Begin PBXFileReference section */
		3C38BE7F12DC0561A9EC8E83 /* Pods-wwdc-discover.release.xcconfig */ = {isa = PBXFileReference; includeInIndex = 1; lastKnownFileType = text.xcconfig; name = "Pods-wwdc-discover.release.xcconfig"; path = "Target Support Files/Pods-wwdc-discover/Pods-wwdc-discover.release.xcconfig"; sourceTree = "<group>"; };
		9497EA4EB9D843C7D520C33C /* Pods-wwdc-discover.debug.xcconfig */ = {isa = PBXFileReference; includeInIndex = 1; lastKnownFileType = text.xcconfig; name = "Pods-wwdc-discover.debug.xcconfig"; path = "Target Support Files/Pods-wwdc-discover/Pods-wwdc-discover.debug.xcconfig"; sourceTree = "<group>"; };
		A9380BF22C8B134400FB3CEA /* wwdc-discover.app */ = {isa = PBXFileReference; explicitFileType = wrapper.application; includeInIndex = 0; path = "wwdc-discover.app"; sourceTree = BUILT_PRODUCTS_DIR; };
		A9380C012C8B134600FB3CEA /* Assets.xcassets */ = {isa = PBXFileReference; lastKnownFileType = folder.assetcatalog; path = Assets.xcassets; sourceTree = "<group>"; };
		A9380C042C8B134600FB3CEA /* Base */ = {isa = PBXFileReference; lastKnownFileType = file.storyboard; name = Base; path = Base.lproj/LaunchScreen.storyboard; sourceTree = "<group>"; };
		A9380C062C8B134600FB3CEA /* Info.plist */ = {isa = PBXFileReference; lastKnownFileType = text.plist.xml; path = Info.plist; sourceTree = "<group>"; };
		A9380C072C8B134600FB3CEA /* main.m */ = {isa = PBXFileReference; lastKnownFileType = sourcecode.c.objc; path = main.m; sourceTree = "<group>"; };
		A9380C0E2C8B140E00FB3CEA /* WWDCDiscoverAppDelegate.h */ = {isa = PBXFileReference; lastKnownFileType = sourcecode.c.h; path = WWDCDiscoverAppDelegate.h; sourceTree = "<group>"; };
		A9380C0F2C8B140E00FB3CEA /* WWDCDiscoverAppDelegate.m */ = {isa = PBXFileReference; lastKnownFileType = sourcecode.c.objc; path = WWDCDiscoverAppDelegate.m; sourceTree = "<group>"; };
		A9380C142C8B152600FB3CEA /* DiscoverViewController.h */ = {isa = PBXFileReference; lastKnownFileType = sourcecode.c.h; path = DiscoverViewController.h; sourceTree = "<group>"; };
		A9380C152C8B152600FB3CEA /* DiscoverViewController.m */ = {isa = PBXFileReference; lastKnownFileType = sourcecode.c.objc; path = DiscoverViewController.m; sourceTree = "<group>"; };
		A9380C172C8B16B300FB3CEA /* DiscoverKingKongTableViewCell.h */ = {isa = PBXFileReference; lastKnownFileType = sourcecode.c.h; path = DiscoverKingKongTableViewCell.h; sourceTree = "<group>"; };
		A9380C182C8B16B300FB3CEA /* DiscoverKingKongTableViewCell.m */ = {isa = PBXFileReference; lastKnownFileType = sourcecode.c.objc; path = DiscoverKingKongTableViewCell.m; sourceTree = "<group>"; };
		A9380C1A2C8B16F800FB3CEA /* DiscoverKingKongTableViewCellType.h */ = {isa = PBXFileReference; lastKnownFileType = sourcecode.c.h; path = DiscoverKingKongTableViewCellType.h; sourceTree = "<group>"; };
		A9380C1D2C8B1A4D00FB3CEA /* WWDCKingKong.h */ = {isa = PBXFileReference; lastKnownFileType = sourcecode.c.h; path = WWDCKingKong.h; sourceTree = "<group>"; };
		A9380C1E2C8B1A4D00FB3CEA /* WWDCKingKong.m */ = {isa = PBXFileReference; lastKnownFileType = sourcecode.c.objc; path = WWDCKingKong.m; sourceTree = "<group>"; };
		A9380C202C8BE50F00FB3CEA /* FeaturedVideo.h */ = {isa = PBXFileReference; lastKnownFileType = sourcecode.c.h; path = FeaturedVideo.h; sourceTree = "<group>"; };
		A9380C212C8BE50F00FB3CEA /* FeaturedVideo.m */ = {isa = PBXFileReference; lastKnownFileType = sourcecode.c.objc; path = FeaturedVideo.m; sourceTree = "<group>"; };
		A9380C232C8BED1500FB3CEA /* FeaturedVideoTableViewCell.h */ = {isa = PBXFileReference; lastKnownFileType = sourcecode.c.h; path = FeaturedVideoTableViewCell.h; sourceTree = "<group>"; };
		A9380C242C8BED1500FB3CEA /* FeaturedVideoTableViewCell.m */ = {isa = PBXFileReference; lastKnownFileType = sourcecode.c.objc; path = FeaturedVideoTableViewCell.m; sourceTree = "<group>"; };
		A9380C262C8C125300FB3CEA /* Article.h */ = {isa = PBXFileReference; lastKnownFileType = sourcecode.c.h; path = Article.h; sourceTree = "<group>"; };
		A9380C272C8C125300FB3CEA /* Article.m */ = {isa = PBXFileReference; lastKnownFileType = sourcecode.c.objc; path = Article.m; sourceTree = "<group>"; };
		A9380C292C8C14AB00FB3CEA /* RecentArticlesTableViewCell.h */ = {isa = PBXFileReference; lastKnownFileType = sourcecode.c.h; path = RecentArticlesTableViewCell.h; sourceTree = "<group>"; };
		A9380C2A2C8C14AB00FB3CEA /* RecentArticlesTableViewCell.m */ = {isa = PBXFileReference; lastKnownFileType = sourcecode.c.objc; path = RecentArticlesTableViewCell.m; sourceTree = "<group>"; };
		A9380C2C2C8C256200FB3CEA /* VideoStatusView.h */ = {isa = PBXFileReference; lastKnownFileType = sourcecode.c.h; path = VideoStatusView.h; sourceTree = "<group>"; };
		A9380C2D2C8C256200FB3CEA /* VideoStatusView.m */ = {isa = PBXFileReference; lastKnownFileType = sourcecode.c.objc; path = VideoStatusView.m; sourceTree = "<group>"; };
		A9380C2F2C8C381300FB3CEA /* DetailViewController.h */ = {isa = PBXFileReference; lastKnownFileType = sourcecode.c.h; path = DetailViewController.h; sourceTree = "<group>"; };
		A9380C302C8C381300FB3CEA /* DetailViewController.m */ = {isa = PBXFileReference; lastKnownFileType = sourcecode.c.objc; path = DetailViewController.m; sourceTree = "<group>"; };
		B0AD9896721BBA046BDB1467 /* libPods-wwdc-discover.a */ = {isa = PBXFileReference; explicitFileType = archive.ar; includeInIndex = 0; path = "libPods-wwdc-discover.a"; sourceTree = BUILT_PRODUCTS_DIR; };
/* End PBXFileReference section */

/* Begin PBXFrameworksBuildPhase section */
		A9380BEF2C8B134400FB3CEA /* Frameworks */ = {
			isa = PBXFrameworksBuildPhase;
			buildActionMask = 2147483647;
			files = (
				2FB517D7E2AF2BACE4FCEF72 /* libPods-wwdc-discover.a in Frameworks */,
			);
			runOnlyForDeploymentPostprocessing = 0;
		};
/* End PBXFrameworksBuildPhase section */

/* Begin PBXGroup section */
		4134AC2B13072A4AC40A2D74 /* Pods */ = {
			isa = PBXGroup;
			children = (
				9497EA4EB9D843C7D520C33C /* Pods-wwdc-discover.debug.xcconfig */,
				3C38BE7F12DC0561A9EC8E83 /* Pods-wwdc-discover.release.xcconfig */,
			);
			path = Pods;
			sourceTree = "<group>";
		};
		A9380BE92C8B134400FB3CEA = {
			isa = PBXGroup;
			children = (
				A9380BF42C8B134400FB3CEA /* wwdc-discover */,
				A9380BF32C8B134400FB3CEA /* Products */,
				4134AC2B13072A4AC40A2D74 /* Pods */,
				BD0F98BEA69666DA78A3B8FB /* Frameworks */,
			);
			sourceTree = "<group>";
		};
		A9380BF32C8B134400FB3CEA /* Products */ = {
			isa = PBXGroup;
			children = (
				A9380BF22C8B134400FB3CEA /* wwdc-discover.app */,
			);
			name = Products;
			sourceTree = "<group>";
		};
		A9380BF42C8B134400FB3CEA /* wwdc-discover */ = {
			isa = PBXGroup;
			children = (
				A9380C0E2C8B140E00FB3CEA /* WWDCDiscoverAppDelegate.h */,
				A9380C0F2C8B140E00FB3CEA /* WWDCDiscoverAppDelegate.m */,
				A9380C112C8B14E800FB3CEA /* Model */,
				A9380C122C8B14F200FB3CEA /* Views */,
				A9380C132C8B14F800FB3CEA /* Controllers */,
				A9380C012C8B134600FB3CEA /* Assets.xcassets */,
				A9380C032C8B134600FB3CEA /* LaunchScreen.storyboard */,
				A9380C062C8B134600FB3CEA /* Info.plist */,
				A9380C072C8B134600FB3CEA /* main.m */,
			);
			path = "wwdc-discover";
			sourceTree = "<group>";
		};
		A9380C112C8B14E800FB3CEA /* Model */ = {
			isa = PBXGroup;
			children = (
				A9380C1A2C8B16F800FB3CEA /* DiscoverKingKongTableViewCellType.h */,
				A9380C1D2C8B1A4D00FB3CEA /* WWDCKingKong.h */,
				A9380C1E2C8B1A4D00FB3CEA /* WWDCKingKong.m */,
				A9380C202C8BE50F00FB3CEA /* FeaturedVideo.h */,
				A9380C212C8BE50F00FB3CEA /* FeaturedVideo.m */,
				A9380C262C8C125300FB3CEA /* Article.h */,
				A9380C272C8C125300FB3CEA /* Article.m */,
			);
			path = Model;
			sourceTree = "<group>";
		};
		A9380C122C8B14F200FB3CEA /* Views */ = {
			isa = PBXGroup;
			children = (
				A9380C172C8B16B300FB3CEA /* DiscoverKingKongTableViewCell.h */,
				A9380C182C8B16B300FB3CEA /* DiscoverKingKongTableViewCell.m */,
				A9380C232C8BED1500FB3CEA /* FeaturedVideoTableViewCell.h */,
				A9380C242C8BED1500FB3CEA /* FeaturedVideoTableViewCell.m */,
				A9380C292C8C14AB00FB3CEA /* RecentArticlesTableViewCell.h */,
				A9380C2A2C8C14AB00FB3CEA /* RecentArticlesTableViewCell.m */,
				A9380C2C2C8C256200FB3CEA /* VideoStatusView.h */,
				A9380C2D2C8C256200FB3CEA /* VideoStatusView.m */,
			);
			path = Views;
			sourceTree = "<group>";
		};
		A9380C132C8B14F800FB3CEA /* Controllers */ = {
			isa = PBXGroup;
			children = (
				A9380C142C8B152600FB3CEA /* DiscoverViewController.h */,
				A9380C152C8B152600FB3CEA /* DiscoverViewController.m */,
				A9380C2F2C8C381300FB3CEA /* DetailViewController.h */,
				A9380C302C8C381300FB3CEA /* DetailViewController.m */,
			);
			path = Controllers;
			sourceTree = "<group>";
		};
		BD0F98BEA69666DA78A3B8FB /* Frameworks */ = {
			isa = PBXGroup;
			children = (
				B0AD9896721BBA046BDB1467 /* libPods-wwdc-discover.a */,
			);
			name = Frameworks;
			sourceTree = "<group>";
		};
/* End PBXGroup section */

/* Begin PBXNativeTarget section */
		A9380BF12C8B134400FB3CEA /* wwdc-discover */ = {
			isa = PBXNativeTarget;
			buildConfigurationList = A9380C0B2C8B134600FB3CEA /* Build configuration list for PBXNativeTarget "wwdc-discover" */;
			buildPhases = (
				58394D6902C9A21EAF356E41 /* [CP] Check Pods Manifest.lock */,
				A9380BEE2C8B134400FB3CEA /* Sources */,
				A9380BEF2C8B134400FB3CEA /* Frameworks */,
				A9380BF02C8B134400FB3CEA /* Resources */,
			);
			buildRules = (
			);
			dependencies = (
			);
			name = "wwdc-discover";
			productName = "wwdc-discover";
			productReference = A9380BF22C8B134400FB3CEA /* wwdc-discover.app */;
			productType = "com.apple.product-type.application";
		};
/* End PBXNativeTarget section */

/* Begin PBXProject section */
		A9380BEA2C8B134400FB3CEA /* Project object */ = {
			isa = PBXProject;
			attributes = {
				BuildIndependentTargetsInParallel = 1;
				LastUpgradeCheck = 1540;
				TargetAttributes = {
					A9380BF12C8B134400FB3CEA = {
						CreatedOnToolsVersion = 15.4;
					};
				};
			};
			buildConfigurationList = A9380BED2C8B134400FB3CEA /* Build configuration list for PBXProject "wwdc-discover" */;
			compatibilityVersion = "Xcode 14.0";
			developmentRegion = en;
			hasScannedForEncodings = 0;
			knownRegions = (
				en,
				Base,
			);
			mainGroup = A9380BE92C8B134400FB3CEA;
			productRefGroup = A9380BF32C8B134400FB3CEA /* Products */;
			projectDirPath = "";
			projectRoot = "";
			targets = (
				A9380BF12C8B134400FB3CEA /* wwdc-discover */,
			);
		};
/* End PBXProject section */

/* Begin PBXResourcesBuildPhase section */
		A9380BF02C8B134400FB3CEA /* Resources */ = {
			isa = PBXResourcesBuildPhase;
			buildActionMask = 2147483647;
			files = (
				A9380C022C8B134600FB3CEA /* Assets.xcassets in Resources */,
				A9380C052C8B134600FB3CEA /* Base in Resources */,
			);
			runOnlyForDeploymentPostprocessing = 0;
		};
/* End PBXResourcesBuildPhase section */

/* Begin PBXShellScriptBuildPhase section */
		58394D6902C9A21EAF356E41 /* [CP] Check Pods Manifest.lock */ = {
			isa = PBXShellScriptBuildPhase;
			buildActionMask = 2147483647;
			files = (
			);
			inputFileListPaths = (
			);
			inputPaths = (
				"${PODS_PODFILE_DIR_PATH}/Podfile.lock",
				"${PODS_ROOT}/Manifest.lock",
			);
			name = "[CP] Check Pods Manifest.lock";
			outputFileListPaths = (
			);
			outputPaths = (
				"$(DERIVED_FILE_DIR)/Pods-wwdc-discover-checkManifestLockResult.txt",
			);
			runOnlyForDeploymentPostprocessing = 0;
			shellPath = /bin/sh;
			shellScript = "diff \"${PODS_PODFILE_DIR_PATH}/Podfile.lock\" \"${PODS_ROOT}/Manifest.lock\" > /dev/null\nif [ $? != 0 ] ; then\n    # print error to STDERR\n    echo \"error: The sandbox is not in sync with the Podfile.lock. Run 'pod install' or update your CocoaPods installation.\" >&2\n    exit 1\nfi\n# This output is used by Xcode 'outputs' to avoid re-running this script phase.\necho \"SUCCESS\" > \"${SCRIPT_OUTPUT_FILE_0}\"\n";
			showEnvVarsInLog = 0;
		};
/* End PBXShellScriptBuildPhase section */

/* Begin PBXSourcesBuildPhase section */
		A9380BEE2C8B134400FB3CEA /* Sources */ = {
			isa = PBXSourcesBuildPhase;
			buildActionMask = 2147483647;
			files = (
				A9380C192C8B16B300FB3CEA /* DiscoverKingKongTableViewCell.m in Sources */,
				A9380C082C8B134600FB3CEA /* main.m in Sources */,
				A9380C162C8B152600FB3CEA /* DiscoverViewController.m in Sources */,
				A9380C1F2C8B1A4D00FB3CEA /* WWDCKingKong.m in Sources */,
				A9380C2E2C8C256200FB3CEA /* VideoStatusView.m in Sources */,
				A9380C282C8C125300FB3CEA /* Article.m in Sources */,
				A9380C102C8B140E00FB3CEA /* WWDCDiscoverAppDelegate.m in Sources */,
				A9380C312C8C381300FB3CEA /* DetailViewController.m in Sources */,
				A9380C222C8BE50F00FB3CEA /* FeaturedVideo.m in Sources */,
				A9380C252C8BED1500FB3CEA /* FeaturedVideoTableViewCell.m in Sources */,
				A9380C2B2C8C14AB00FB3CEA /* RecentArticlesTableViewCell.m in Sources */,
			);
			runOnlyForDeploymentPostprocessing = 0;
		};
/* End PBXSourcesBuildPhase section */

/* Begin PBXVariantGroup section */
		A9380C032C8B134600FB3CEA /* LaunchScreen.storyboard */ = {
			isa = PBXVariantGroup;
			children = (
				A9380C042C8B134600FB3CEA /* Base */,
			);
			name = LaunchScreen.storyboard;
			sourceTree = "<group>";
		};
/* End PBXVariantGroup section */

/* Begin XCBuildConfiguration section */
		A9380C092C8B134600FB3CEA /* Debug */ = {
			isa = XCBuildConfiguration;
			buildSettings = {
				ALWAYS_SEARCH_USER_PATHS = NO;
				ASSETCATALOG_COMPILER_GENERATE_SWIFT_ASSET_SYMBOL_EXTENSIONS = YES;
				CLANG_ANALYZER_NONNULL = YES;
				CLANG_ANALYZER_NUMBER_OBJECT_CONVERSION = YES_AGGRESSIVE;
				CLANG_CXX_LANGUAGE_STANDARD = "gnu++20";
				CLANG_ENABLE_MODULES = YES;
				CLANG_ENABLE_OBJC_ARC = YES;
				CLANG_ENABLE_OBJC_WEAK = YES;
				CLANG_WARN_BLOCK_CAPTURE_AUTORELEASING = YES;
				CLANG_WARN_BOOL_CONVERSION = YES;
				CLANG_WARN_COMMA = YES;
				CLANG_WARN_CONSTANT_CONVERSION = YES;
				CLANG_WARN_DEPRECATED_OBJC_IMPLEMENTATIONS = YES;
				CLANG_WARN_DIRECT_OBJC_ISA_USAGE = YES_ERROR;
				CLANG_WARN_DOCUMENTATION_COMMENTS = YES;
				CLANG_WARN_EMPTY_BODY = YES;
				CLANG_WARN_ENUM_CONVERSION = YES;
				CLANG_WARN_INFINITE_RECURSION = YES;
				CLANG_WARN_INT_CONVERSION = YES;
				CLANG_WARN_NON_LITERAL_NULL_CONVERSION = YES;
				CLANG_WARN_OBJC_IMPLICIT_RETAIN_SELF = YES;
				CLANG_WARN_OBJC_LITERAL_CONVERSION = YES;
				CLANG_WARN_OBJC_ROOT_CLASS = YES_ERROR;
				CLANG_WARN_QUOTED_INCLUDE_IN_FRAMEWORK_HEADER = YES;
				CLANG_WARN_RANGE_LOOP_ANALYSIS = YES;
				CLANG_WARN_STRICT_PROTOTYPES = YES;
				CLANG_WARN_SUSPICIOUS_MOVE = YES;
				CLANG_WARN_UNGUARDED_AVAILABILITY = YES_AGGRESSIVE;
				CLANG_WARN_UNREACHABLE_CODE = YES;
				CLANG_WARN__DUPLICATE_METHOD_MATCH = YES;
				COPY_PHASE_STRIP = NO;
				DEBUG_INFORMATION_FORMAT = dwarf;
				ENABLE_STRICT_OBJC_MSGSEND = YES;
				ENABLE_TESTABILITY = YES;
				ENABLE_USER_SCRIPT_SANDBOXING = YES;
				GCC_C_LANGUAGE_STANDARD = gnu17;
				GCC_DYNAMIC_NO_PIC = NO;
				GCC_NO_COMMON_BLOCKS = YES;
				GCC_OPTIMIZATION_LEVEL = 0;
				GCC_PREPROCESSOR_DEFINITIONS = (
					"DEBUG=1",
					"$(inherited)",
				);
				GCC_WARN_64_TO_32_BIT_CONVERSION = YES;
				GCC_WARN_ABOUT_RETURN_TYPE = YES_ERROR;
				GCC_WARN_UNDECLARED_SELECTOR = YES;
				GCC_WARN_UNINITIALIZED_AUTOS = YES_AGGRESSIVE;
				GCC_WARN_UNUSED_FUNCTION = YES;
				GCC_WARN_UNUSED_VARIABLE = YES;
				IPHONEOS_DEPLOYMENT_TARGET = 13.0;
				LOCALIZATION_PREFERS_STRING_CATALOGS = YES;
				MTL_ENABLE_DEBUG_INFO = INCLUDE_SOURCE;
				MTL_FAST_MATH = YES;
				ONLY_ACTIVE_ARCH = YES;
				SDKROOT = iphoneos;
			};
			name = Debug;
		};
		A9380C0A2C8B134600FB3CEA /* Release */ = {
			isa = XCBuildConfiguration;
			buildSettings = {
				ALWAYS_SEARCH_USER_PATHS = NO;
				ASSETCATALOG_COMPILER_GENERATE_SWIFT_ASSET_SYMBOL_EXTENSIONS = YES;
				CLANG_ANALYZER_NONNULL = YES;
				CLANG_ANALYZER_NUMBER_OBJECT_CONVERSION = YES_AGGRESSIVE;
				CLANG_CXX_LANGUAGE_STANDARD = "gnu++20";
				CLANG_ENABLE_MODULES = YES;
				CLANG_ENABLE_OBJC_ARC = YES;
				CLANG_ENABLE_OBJC_WEAK = YES;
				CLANG_WARN_BLOCK_CAPTURE_AUTORELEASING = YES;
				CLANG_WARN_BOOL_CONVERSION = YES;
				CLANG_WARN_COMMA = YES;
				CLANG_WARN_CONSTANT_CONVERSION = YES;
				CLANG_WARN_DEPRECATED_OBJC_IMPLEMENTATIONS = YES;
				CLANG_WARN_DIRECT_OBJC_ISA_USAGE = YES_ERROR;
				CLANG_WARN_DOCUMENTATION_COMMENTS = YES;
				CLANG_WARN_EMPTY_BODY = YES;
				CLANG_WARN_ENUM_CONVERSION = YES;
				CLANG_WARN_INFINITE_RECURSION = YES;
				CLANG_WARN_INT_CONVERSION = YES;
				CLANG_WARN_NON_LITERAL_NULL_CONVERSION = YES;
				CLANG_WARN_OBJC_IMPLICIT_RETAIN_SELF = YES;
				CLANG_WARN_OBJC_LITERAL_CONVERSION = YES;
				CLANG_WARN_OBJC_ROOT_CLASS = YES_ERROR;
				CLANG_WARN_QUOTED_INCLUDE_IN_FRAMEWORK_HEADER = YES;
				CLANG_WARN_RANGE_LOOP_ANALYSIS = YES;
				CLANG_WARN_STRICT_PROTOTYPES = YES;
				CLANG_WARN_SUSPICIOUS_MOVE = YES;
				CLANG_WARN_UNGUARDED_AVAILABILITY = YES_AGGRESSIVE;
				CLANG_WARN_UNREACHABLE_CODE = YES;
				CLANG_WARN__DUPLICATE_METHOD_MATCH = YES;
				COPY_PHASE_STRIP = NO;
				DEBUG_INFORMATION_FORMAT = "dwarf-with-dsym";
				ENABLE_NS_ASSERTIONS = NO;
				ENABLE_STRICT_OBJC_MSGSEND = YES;
				ENABLE_USER_SCRIPT_SANDBOXING = YES;
				GCC_C_LANGUAGE_STANDARD = gnu17;
				GCC_NO_COMMON_BLOCKS = YES;
				GCC_WARN_64_TO_32_BIT_CONVERSION = YES;
				GCC_WARN_ABOUT_RETURN_TYPE = YES_ERROR;
				GCC_WARN_UNDECLARED_SELECTOR = YES;
				GCC_WARN_UNINITIALIZED_AUTOS = YES_AGGRESSIVE;
				GCC_WARN_UNUSED_FUNCTION = YES;
				GCC_WARN_UNUSED_VARIABLE = YES;
				IPHONEOS_DEPLOYMENT_TARGET = 13.0;
				LOCALIZATION_PREFERS_STRING_CATALOGS = YES;
				MTL_ENABLE_DEBUG_INFO = NO;
				MTL_FAST_MATH = YES;
				SDKROOT = iphoneos;
				VALIDATE_PRODUCT = YES;
			};
			name = Release;
		};
		A9380C0C2C8B134600FB3CEA /* Debug */ = {
			isa = XCBuildConfiguration;
			baseConfigurationReference = 9497EA4EB9D843C7D520C33C /* Pods-wwdc-discover.debug.xcconfig */;
			buildSettings = {
				ASSETCATALOG_COMPILER_APPICON_NAME = AppIcon;
				ASSETCATALOG_COMPILER_GLOBAL_ACCENT_COLOR_NAME = AccentColor;
				CODE_SIGN_STYLE = Automatic;
				CURRENT_PROJECT_VERSION = 1;
				DEVELOPMENT_TEAM = YRB62S584T;
				GENERATE_INFOPLIST_FILE = YES;
				INFOPLIST_FILE = "wwdc-discover/Info.plist";
				INFOPLIST_KEY_UIApplicationSupportsIndirectInputEvents = YES;
				INFOPLIST_KEY_UILaunchStoryboardName = LaunchScreen;
				INFOPLIST_KEY_UISupportedInterfaceOrientations = UIInterfaceOrientationPortrait;
				INFOPLIST_KEY_UISupportedInterfaceOrientations_iPad = "UIInterfaceOrientationLandscapeLeft UIInterfaceOrientationLandscapeRight UIInterfaceOrientationPortrait UIInterfaceOrientationPortraitUpsideDown";
				IPHONEOS_DEPLOYMENT_TARGET = 13.0;
				LD_RUNPATH_SEARCH_PATHS = (
					"$(inherited)",
					"@executable_path/Frameworks",
				);
				MARKETING_VERSION = 1.0;
				PRODUCT_BUNDLE_IDENTIFIER = "com.noreply-email.wwdc-discover";
				PRODUCT_NAME = "$(TARGET_NAME)";
				SUPPORTED_PLATFORMS = "iphoneos iphonesimulator";
				SUPPORTS_MACCATALYST = NO;
				SUPPORTS_MAC_DESIGNED_FOR_IPHONE_IPAD = NO;
				SUPPORTS_XR_DESIGNED_FOR_IPHONE_IPAD = NO;
				SWIFT_EMIT_LOC_STRINGS = YES;
				TARGETED_DEVICE_FAMILY = 1;
			};
			name = Debug;
		};
		A9380C0D2C8B134600FB3CEA /* Release */ = {
			isa = XCBuildConfiguration;
			baseConfigurationReference = 3C38BE7F12DC0561A9EC8E83 /* Pods-wwdc-discover.release.xcconfig */;
			buildSettings = {
				ASSETCATALOG_COMPILER_APPICON_NAME = AppIcon;
				ASSETCATALOG_COMPILER_GLOBAL_ACCENT_COLOR_NAME = AccentColor;
				CODE_SIGN_STYLE = Automatic;
				CURRENT_PROJECT_VERSION = 1;
				DEVELOPMENT_TEAM = YRB62S584T;
				GENERATE_INFOPLIST_FILE = YES;
				INFOPLIST_FILE = "wwdc-discover/Info.plist";
				INFOPLIST_KEY_UIApplicationSupportsIndirectInputEvents = YES;
				INFOPLIST_KEY_UILaunchStoryboardName = LaunchScreen;
				INFOPLIST_KEY_UISupportedInterfaceOrientations = UIInterfaceOrientationPortrait;
				INFOPLIST_KEY_UISupportedInterfaceOrientations_iPad = "UIInterfaceOrientationLandscapeLeft UIInterfaceOrientationLandscapeRight UIInterfaceOrientationPortrait UIInterfaceOrientationPortraitUpsideDown";
				IPHONEOS_DEPLOYMENT_TARGET = 13.0;
				LD_RUNPATH_SEARCH_PATHS = (
					"$(inherited)",
					"@executable_path/Frameworks",
				);
				MARKETING_VERSION = 1.0;
				PRODUCT_BUNDLE_IDENTIFIER = "com.noreply-email.wwdc-discover";
				PRODUCT_NAME = "$(TARGET_NAME)";
				SUPPORTED_PLATFORMS = "iphoneos iphonesimulator";
				SUPPORTS_MACCATALYST = NO;
				SUPPORTS_MAC_DESIGNED_FOR_IPHONE_IPAD = NO;
				SUPPORTS_XR_DESIGNED_FOR_IPHONE_IPAD = NO;
				SWIFT_EMIT_LOC_STRINGS = YES;
				TARGETED_DEVICE_FAMILY = 1;
			};
			name = Release;
		};
/* End XCBuildConfiguration section */

/* Begin XCConfigurationList section */
		A9380BED2C8B134400FB3CEA /* Build configuration list for PBXProject "wwdc-discover" */ = {
			isa = XCConfigurationList;
			buildConfigurations = (
				A9380C092C8B134600FB3CEA /* Debug */,
				A9380C0A2C8B134600FB3CEA /* Release */,
			);
			defaultConfigurationIsVisible = 0;
			defaultConfigurationName = Release;
		};
		A9380C0B2C8B134600FB3CEA /* Build configuration list for PBXNativeTarget "wwdc-discover" */ = {
			isa = XCConfigurationList;
			buildConfigurations = (
				A9380C0C2C8B134600FB3CEA /* Debug */,
				A9380C0D2C8B134600FB3CEA /* Release */,
			);
			defaultConfigurationIsVisible = 0;
			defaultConfigurationName = Release;
		};
/* End XCConfigurationList section */
	};
	rootObject = A9380BEA2C8B134400FB3CEA /* Project object */;
}
